
Microsoft Visual Studio Solution File, Format Version 12.00
# Visual Studio Version 17
VisualStudioVersion = 17.2.32616.157
MinimumVisualStudioVersion = 10.0.40219.1
Project("{9A19103F-16F7-4668-BE54-9A1E7A4F7556}") = "PokemonGenerator", "PokemonGenerator\PokemonGenerator.csproj", "{87A83311-5FF8-400A-91FC-698C217C64EC}"
EndProject
Project("{FAE04EC0-301F-11D3-BF4B-00C04F79EFBC}") = "Test1", "Test1\Test1.csproj", "{7B9D1E9B-16B1-499A-A659-5A06CE456A50}"
EndProject
Project("{FAE04EC0-301F-11D3-BF4B-00C04F79EFBC}") = "Test2", "Test2\Test2.csproj", "{48E571FF-4F1B-461D-A5E3-5C5E54918609}"
EndProject
Project("{FAE04EC0-301F-11D3-BF4B-00C04F79EFBC}") = "Test3", "Test3\Test3.csproj", "{3AED4A16-4F46-4990-AFD1-3FFBBC83D284}"
EndProject
Global
	GlobalSection(SolutionConfigurationPlatforms) = preSolution
		Debug|Any CPU = Debug|Any CPU
		Release|Any CPU = Release|Any CPU
	EndGlobalSection
	GlobalSection(ProjectConfigurationPlatforms) = postSolution
		{87A83311-5FF8-400A-91FC-698C217C64EC}.Debug|Any CPU.ActiveCfg = Debug|Any CPU
		{87A83311-5FF8-400A-91FC-698C217C64EC}.Debug|Any CPU.Build.0 = Debug|Any CPU
		{87A83311-5FF8-400A-91FC-698C217C64EC}.Release|Any CPU.ActiveCfg = Release|Any CPU
		{87A83311-5FF8-400A-91FC-698C217C64EC}.Release|Any CPU.Build.0 = Release|Any CPU
		{7B9D1E9B-16B1-499A-A659-5A06CE456A50}.Debug|Any CPU.ActiveCfg = Debug|Any CPU
		{7B9D1E9B-16B1-499A-A659-5A06CE456A50}.Debug|Any CPU.Build.0 = Debug|Any CPU
		{7B9D1E9B-16B1-499A-A659-5A06CE456A50}.Release|Any CPU.ActiveCfg = Release|Any CPU
		{7B9D1E9B-16B1-499A-A659-5A06CE456A50}.Release|Any CPU.Build.0 = Release|Any CPU
		{48E571FF-4F1B-461D-A5E3-5C5E54918609}.Debug|Any CPU.ActiveCfg = Debug|Any CPU
		{48E571FF-4F1B-461D-A5E3-5C5E54918609}.Debug|Any CPU.Build.0 = Debug|Any CPU
		{48E571FF-4F1B-461D-A5E3-5C5E54918609}.Release|Any CPU.ActiveCfg = Release|Any CPU
		{48E571FF-4F1B-461D-A5E3-5C5E54918609}.Release|Any CPU.Build.0 = Release|Any CPU
		{3AED4A16-4F46-4990-AFD1-3FFBBC83D284}.Debug|Any CPU.ActiveCfg = Debug|Any CPU
		{3AED4A16-4F46-4990-AFD1-3FFBBC83D284}.Debug|Any CPU.Build.0 = Debug|Any CPU
		{3AED4A16-4F46-4990-AFD1-3FFBBC83D284}.Release|Any CPU.ActiveCfg = Release|Any CPU
		{3AED4A16-4F46-4990-AFD1-3FFBBC83D284}.Release|Any CPU.Build.0 = Release|Any CPU
	EndGlobalSection
	GlobalSection(SolutionProperties) = preSolution
		HideSolutionNode = FALSE
	EndGlobalSection
	GlobalSection(ExtensibilityGlobals) = postSolution
		SolutionGuid = {81076F8B-CCC5-44F1-AC27-148D466673CE}
	EndGlobalSection
EndGlobal
